
Microsoft Visual Studio Solution File, Format Version 12.00
# Visual Studio Version 17
VisualStudioVersion = 17.10.35013.160
MinimumVisualStudioVersion = 10.0.40219.1
Project("{FAE04EC0-301F-11D3-BF4B-00C04F79EFBC}") = "MauiApp_CollectionView", "MauiApp_CollectionView\MauiApp_CollectionView.csproj", "{637B830E-6ABC-422B-AE40-B7648BF42711}"
EndProject
Global
	GlobalSection(SolutionConfigurationPlatforms) = preSolution
		Debug|Any CPU = Debug|Any CPU
		Release|Any CPU = Release|Any CPU
	EndGlobalSection
	GlobalSection(ProjectConfigurationPlatforms) = postSolution
		{637B830E-6ABC-422B-AE40-B7648BF42711}.Debug|Any CPU.ActiveCfg = Debug|Any CPU
		{637B830E-6ABC-422B-AE40-B7648BF42711}.Debug|Any CPU.Build.0 = Debug|Any CPU
		{637B830E-6ABC-422B-AE40-B7648BF42711}.Debug|Any CPU.Deploy.0 = Debug|Any CPU
		{637B830E-6ABC-422B-AE40-B7648BF42711}.Release|Any CPU.ActiveCfg = Release|Any CPU
		{637B830E-6ABC-422B-AE40-B7648BF42711}.Release|Any CPU.Build.0 = Release|Any CPU
		{637B830E-6ABC-422B-AE40-B7648BF42711}.Release|Any CPU.Deploy.0 = Release|Any CPU
	EndGlobalSection
	GlobalSection(SolutionProperties) = preSolution
		HideSolutionNode = FALSE
	EndGlobalSection
	GlobalSection(ExtensibilityGlobals) = postSolution
		SolutionGuid = {068F9A57-17ED-4C92-98E8-6A99B7526BC4}
	EndGlobalSection
EndGlobal
